// !$*UTF8*$!
{
	archiveVersion = 1;
	classes = {
	};
	objectVersion = 46;
	objects = {

/* Begin PBXBuildFile section */
		8FE2B0AD1B1852E2001FF9B1 /* main.m in Sources */ = {isa = PBXBuildFile; fileRef = 8FE2B0AC1B1852E2001FF9B1 /* main.m */; };
		8FE2B0B01B1852E2001FF9B1 /* AppDelegate.m in Sources */ = {isa = PBXBuildFile; fileRef = 8FE2B0AF1B1852E2001FF9B1 /* AppDelegate.m */; };
		8FE2B0B31B1852E2001FF9B1 /* ViewController.m in Sources */ = {isa = PBXBuildFile; fileRef = 8FE2B0B21B1852E2001FF9B1 /* ViewController.m */; };
		8FE2B0B61B1852E2001FF9B1 /* Main.storyboard in Resources */ = {isa = PBXBuildFile; fileRef = 8FE2B0B41B1852E2001FF9B1 /* Main.storyboard */; };
		8FE2B0B81B1852E2001FF9B1 /* Images.xcassets in Resources */ = {isa = PBXBuildFile; fileRef = 8FE2B0B71B1852E2001FF9B1 /* Images.xcassets */; };
		8FE2B0BB1B1852E2001FF9B1 /* LaunchScreen.xib in Resources */ = {isa = PBXBuildFile; fileRef = 8FE2B0B91B1852E2001FF9B1 /* LaunchScreen.xib */; };
		8FE2B0C71B1852E3001FF9B1 /* touchcahrtTests.m in Sources */ = {isa = PBXBuildFile; fileRef = 8FE2B0C61B1852E3001FF9B1 /* touchcahrtTests.m */; };
		8FE2B0DF1B1852F1001FF9B1 /* BarChartThreeView.m in Sources */ = {isa = PBXBuildFile; fileRef = 8FE2B0D21B1852F1001FF9B1 /* BarChartThreeView.m */; };
		8FE2B0E01B1852F1001FF9B1 /* BarChartView.m in Sources */ = {isa = PBXBuildFile; fileRef = 8FE2B0D41B1852F1001FF9B1 /* BarChartView.m */; };
		8FE2B0E11B1852F1001FF9B1 /* LineChart.m in Sources */ = {isa = PBXBuildFile; fileRef = 8FE2B0D61B1852F1001FF9B1 /* LineChart.m */; };
		8FE2B0E21B1852F1001FF9B1 /* PieChartView.m in Sources */ = {isa = PBXBuildFile; fileRef = 8FE2B0D81B1852F1001FF9B1 /* PieChartView.m */; };
		8FE2B0E31B1852F1001FF9B1 /* PieSlice.m in Sources */ = {isa = PBXBuildFile; fileRef = 8FE2B0DA1B1852F1001FF9B1 /* PieSlice.m */; };
		8FE2B0E41B1852F1001FF9B1 /* UIImage+ColorAtPixel.m in Sources */ = {isa = PBXBuildFile; fileRef = 8FE2B0DC1B1852F1001FF9B1 /* UIImage+ColorAtPixel.m */; };
/* End PBXBuildFile section */

/* Begin PBXContainerItemProxy section */
		8FE2B0C11B1852E2001FF9B1 /* PBXContainerItemProxy */ = {
			isa = PBXContainerItemProxy;
			containerPortal = 8FE2B09F1B1852E2001FF9B1 /* Project object */;
			proxyType = 1;
			remoteGlobalIDString = 8FE2B0A61B1852E2001FF9B1;
			remoteInfo = touchcahrt;
		};
/* End PBXContainerItemProxy section */

/* Begin PBXFileReference section */
		8FE2B0A71B1852E2001FF9B1 /* touchcahrt.app */ = {isa = PBXFileReference; explicitFileType = wrapper.application; includeInIndex = 0; path = touchcahrt.app; sourceTree = BUILT_PRODUCTS_DIR; };
		8FE2B0AB1B1852E2001FF9B1 /* Info.plist */ = {isa = PBXFileReference; lastKnownFileType = text.plist.xml; path = Info.plist; sourceTree = "<group>"; };
		8FE2B0AC1B1852E2001FF9B1 /* main.m */ = {isa = PBXFileReference; lastKnownFileType = sourcecode.c.objc; path = main.m; sourceTree = "<group>"; };
		8FE2B0AE1B1852E2001FF9B1 /* AppDelegate.h */ = {isa = PBXFileReference; lastKnownFileType = sourcecode.c.h; path = AppDelegate.h; sourceTree = "<group>"; };
		8FE2B0AF1B1852E2001FF9B1 /* AppDelegate.m */ = {isa = PBXFileReference; lastKnownFileType = sourcecode.c.objc; path = AppDelegate.m; sourceTree = "<group>"; };
		8FE2B0B11B1852E2001FF9B1 /* ViewController.h */ = {isa = PBXFileReference; lastKnownFileType = sourcecode.c.h; path = ViewController.h; sourceTree = "<group>"; };
		8FE2B0B21B1852E2001FF9B1 /* ViewController.m */ = {isa = PBXFileReference; lastKnownFileType = sourcecode.c.objc; path = ViewController.m; sourceTree = "<group>"; };
		8FE2B0B51B1852E2001FF9B1 /* Base */ = {isa = PBXFileReference; lastKnownFileType = file.storyboard; name = Base; path = Base.lproj/Main.storyboard; sourceTree = "<group>"; };
		8FE2B0B71B1852E2001FF9B1 /* Images.xcassets */ = {isa = PBXFileReference; lastKnownFileType = folder.assetcatalog; path = Images.xcassets; sourceTree = "<group>"; };
		8FE2B0BA1B1852E2001FF9B1 /* Base */ = {isa = PBXFileReference; lastKnownFileType = file.xib; name = Base; path = Base.lproj/LaunchScreen.xib; sourceTree = "<group>"; };
		8FE2B0C01B1852E2001FF9B1 /* touchcahrtTests.xctest */ = {isa = PBXFileReference; explicitFileType = wrapper.cfbundle; includeInIndex = 0; path = touchcahrtTests.xctest; sourceTree = BUILT_PRODUCTS_DIR; };
		8FE2B0C51B1852E3001FF9B1 /* Info.plist */ = {isa = PBXFileReference; lastKnownFileType = text.plist.xml; path = Info.plist; sourceTree = "<group>"; };
		8FE2B0C61B1852E3001FF9B1 /* touchcahrtTests.m */ = {isa = PBXFileReference; lastKnownFileType = sourcecode.c.objc; path = touchcahrtTests.m; sourceTree = "<group>"; };
		8FE2B0D11B1852F1001FF9B1 /* BarChartThreeView.h */ = {isa = PBXFileReference; fileEncoding = 4; lastKnownFileType = sourcecode.c.h; path = BarChartThreeView.h; sourceTree = "<group>"; };
		8FE2B0D21B1852F1001FF9B1 /* BarChartThreeView.m */ = {isa = PBXFileReference; fileEncoding = 4; lastKnownFileType = sourcecode.c.objc; path = BarChartThreeView.m; sourceTree = "<group>"; };
		8FE2B0D31B1852F1001FF9B1 /* BarChartView.h */ = {isa = PBXFileReference; fileEncoding = 4; lastKnownFileType = sourcecode.c.h; path = BarChartView.h; sourceTree = "<group>"; };
		8FE2B0D41B1852F1001FF9B1 /* BarChartView.m */ = {isa = PBXFileReference; fileEncoding = 4; lastKnownFileType = sourcecode.c.objc; path = BarChartView.m; sourceTree = "<group>"; };
		8FE2B0D51B1852F1001FF9B1 /* LineChart.h */ = {isa = PBXFileReference; fileEncoding = 4; lastKnownFileType = sourcecode.c.h; path = LineChart.h; sourceTree = "<group>"; };
		8FE2B0D61B1852F1001FF9B1 /* LineChart.m */ = {isa = PBXFileReference; fileEncoding = 4; lastKnownFileType = sourcecode.c.objc; path = LineChart.m; sourceTree = "<group>"; };
		8FE2B0D71B1852F1001FF9B1 /* PieChartView.h */ = {isa = PBXFileReference; fileEncoding = 4; lastKnownFileType = sourcecode.c.h; path = PieChartView.h; sourceTree = "<group>"; };
		8FE2B0D81B1852F1001FF9B1 /* PieChartView.m */ = {isa = PBXFileReference; fileEncoding = 4; lastKnownFileType = sourcecode.c.objc; path = PieChartView.m; sourceTree = "<group>"; };
		8FE2B0D91B1852F1001FF9B1 /* PieSlice.h */ = {isa = PBXFileReference; fileEncoding = 4; lastKnownFileType = sourcecode.c.h; path = PieSlice.h; sourceTree = "<group>"; };
		8FE2B0DA1B1852F1001FF9B1 /* PieSlice.m */ = {isa = PBXFileReference; fileEncoding = 4; lastKnownFileType = sourcecode.c.objc; path = PieSlice.m; sourceTree = "<group>"; };
		8FE2B0DB1B1852F1001FF9B1 /* UIImage+ColorAtPixel.h */ = {isa = PBXFileReference; fileEncoding = 4; lastKnownFileType = sourcecode.c.h; path = "UIImage+ColorAtPixel.h"; sourceTree = "<group>"; };
		8FE2B0DC1B1852F1001FF9B1 /* UIImage+ColorAtPixel.m */ = {isa = PBXFileReference; fileEncoding = 4; lastKnownFileType = sourcecode.c.objc; path = "UIImage+ColorAtPixel.m"; sourceTree = "<group>"; };
		8FE2B0DD1B1852F1001FF9B1 /* WalmartLandingPageViewController.h */ = {isa = PBXFileReference; fileEncoding = 4; lastKnownFileType = sourcecode.c.h; path = WalmartLandingPageViewController.h; sourceTree = "<group>"; };
		8FE2B0DE1B1852F1001FF9B1 /* WalmartLandingPageViewController.m */ = {isa = PBXFileReference; fileEncoding = 4; lastKnownFileType = sourcecode.c.objc; path = WalmartLandingPageViewController.m; sourceTree = "<group>"; };
/* End PBXFileReference section */

/* Begin PBXFrameworksBuildPhase section */
		8FE2B0A41B1852E2001FF9B1 /* Frameworks */ = {
			isa = PBXFrameworksBuildPhase;
			buildActionMask = 2147483647;
			files = (
			);
			runOnlyForDeploymentPostprocessing = 0;
		};
		8FE2B0BD1B1852E2001FF9B1 /* Frameworks */ = {
			isa = PBXFrameworksBuildPhase;
			buildActionMask = 2147483647;
			files = (
			);
			runOnlyForDeploymentPostprocessing = 0;
		};
/* End PBXFrameworksBuildPhase section */

/* Begin PBXGroup section */
		8FE2B09E1B1852E2001FF9B1 = {
			isa = PBXGroup;
			children = (
				8FE2B0A91B1852E2001FF9B1 /* touchcahrt */,
				8FE2B0C31B1852E2001FF9B1 /* touchcahrtTests */,
				8FE2B0A81B1852E2001FF9B1 /* Products */,
			);
			sourceTree = "<group>";
		};
		8FE2B0A81B1852E2001FF9B1 /* Products */ = {
			isa = PBXGroup;
			children = (
				8FE2B0A71B1852E2001FF9B1 /* touchcahrt.app */,
				8FE2B0C01B1852E2001FF9B1 /* touchcahrtTests.xctest */,
			);
			name = Products;
			sourceTree = "<group>";
		};
		8FE2B0A91B1852E2001FF9B1 /* touchcahrt */ = {
			isa = PBXGroup;
			children = (
				8FE2B0AE1B1852E2001FF9B1 /* AppDelegate.h */,
				8FE2B0AF1B1852E2001FF9B1 /* AppDelegate.m */,
				8FE2B0B11B1852E2001FF9B1 /* ViewController.h */,
				8FE2B0B21B1852E2001FF9B1 /* ViewController.m */,
				8FE2B0B41B1852E2001FF9B1 /* Main.storyboard */,
				8FE2B0D01B1852F1001FF9B1 /* ChartView */,
				8FE2B0B71B1852E2001FF9B1 /* Images.xcassets */,
				8FE2B0B91B1852E2001FF9B1 /* LaunchScreen.xib */,
				8FE2B0AA1B1852E2001FF9B1 /* Supporting Files */,
			);
			path = touchcahrt;
			sourceTree = "<group>";
		};
		8FE2B0AA1B1852E2001FF9B1 /* Supporting Files */ = {
			isa = PBXGroup;
			children = (
				8FE2B0AB1B1852E2001FF9B1 /* Info.plist */,
				8FE2B0AC1B1852E2001FF9B1 /* main.m */,
			);
			name = "Supporting Files";
			sourceTree = "<group>";
		};
		8FE2B0C31B1852E2001FF9B1 /* touchcahrtTests */ = {
			isa = PBXGroup;
			children = (
				8FE2B0C61B1852E3001FF9B1 /* touchcahrtTests.m */,
				8FE2B0C41B1852E3001FF9B1 /* Supporting Files */,
			);
			path = touchcahrtTests;
			sourceTree = "<group>";
		};
		8FE2B0C41B1852E3001FF9B1 /* Supporting Files */ = {
			isa = PBXGroup;
			children = (
				8FE2B0C51B1852E3001FF9B1 /* Info.plist */,
			);
			name = "Supporting Files";
			sourceTree = "<group>";
		};
		8FE2B0D01B1852F1001FF9B1 /* ChartView */ = {
			isa = PBXGroup;
			children = (
				8FE2B0E81B18530C001FF9B1 /* Pie Chart */,
				8FE2B0E71B185302001FF9B1 /* Line Chart */,
				8FE2B0E61B1852FA001FF9B1 /* Bar Chart */,
				8FE2B0DB1B1852F1001FF9B1 /* UIImage+ColorAtPixel.h */,
				8FE2B0DC1B1852F1001FF9B1 /* UIImage+ColorAtPixel.m */,
				8FE2B0DD1B1852F1001FF9B1 /* WalmartLandingPageViewController.h */,
				8FE2B0DE1B1852F1001FF9B1 /* WalmartLandingPageViewController.m */,
			);
			path = ChartView;
			sourceTree = "<group>";
		};
		8FE2B0E61B1852FA001FF9B1 /* Bar Chart */ = {
			isa = PBXGroup;
			children = (
				8FE2B0D11B1852F1001FF9B1 /* BarChartThreeView.h */,
				8FE2B0D21B1852F1001FF9B1 /* BarChartThreeView.m */,
				8FE2B0D31B1852F1001FF9B1 /* BarChartView.h */,
				8FE2B0D41B1852F1001FF9B1 /* BarChartView.m */,
			);
			name = "Bar Chart";
			sourceTree = "<group>";
		};
		8FE2B0E71B185302001FF9B1 /* Line Chart */ = {
			isa = PBXGroup;
			children = (
				8FE2B0D51B1852F1001FF9B1 /* LineChart.h */,
				8FE2B0D61B1852F1001FF9B1 /* LineChart.m */,
			);
			name = "Line Chart";
			sourceTree = "<group>";
		};
		8FE2B0E81B18530C001FF9B1 /* Pie Chart */ = {
			isa = PBXGroup;
			children = (
				8FE2B0D71B1852F1001FF9B1 /* PieChartView.h */,
				8FE2B0D81B1852F1001FF9B1 /* PieChartView.m */,
				8FE2B0D91B1852F1001FF9B1 /* PieSlice.h */,
				8FE2B0DA1B1852F1001FF9B1 /* PieSlice.m */,
			);
			name = "Pie Chart";
			sourceTree = "<group>";
		};
/* End PBXGroup section */

/* Begin PBXNativeTarget section */
		8FE2B0A61B1852E2001FF9B1 /* touchcahrt */ = {
			isa = PBXNativeTarget;
			buildConfigurationList = 8FE2B0CA1B1852E3001FF9B1 /* Build configuration list for PBXNativeTarget "touchcahrt" */;
			buildPhases = (
				8FE2B0A31B1852E2001FF9B1 /* Sources */,
				8FE2B0A41B1852E2001FF9B1 /* Frameworks */,
				8FE2B0A51B1852E2001FF9B1 /* Resources */,
			);
			buildRules = (
			);
			dependencies = (
			);
			name = touchcahrt;
			productName = touchcahrt;
			productReference = 8FE2B0A71B1852E2001FF9B1 /* touchcahrt.app */;
			productType = "com.apple.product-type.application";
		};
		8FE2B0BF1B1852E2001FF9B1 /* touchcahrtTests */ = {
			isa = PBXNativeTarget;
			buildConfigurationList = 8FE2B0CD1B1852E3001FF9B1 /* Build configuration list for PBXNativeTarget "touchcahrtTests" */;
			buildPhases = (
				8FE2B0BC1B1852E2001FF9B1 /* Sources */,
				8FE2B0BD1B1852E2001FF9B1 /* Frameworks */,
				8FE2B0BE1B1852E2001FF9B1 /* Resources */,
			);
			buildRules = (
			);
			dependencies = (
				8FE2B0C21B1852E2001FF9B1 /* PBXTargetDependency */,
			);
			name = touchcahrtTests;
			productName = touchcahrtTests;
			productReference = 8FE2B0C01B1852E2001FF9B1 /* touchcahrtTests.xctest */;
			productType = "com.apple.product-type.bundle.unit-test";
		};
/* End PBXNativeTarget section */

/* Begin PBXProject section */
		8FE2B09F1B1852E2001FF9B1 /* Project object */ = {
			isa = PBXProject;
			attributes = {
				LastUpgradeCheck = 0630;
				ORGANIZATIONNAME = Chezhian;
				TargetAttributes = {
					8FE2B0A61B1852E2001FF9B1 = {
						CreatedOnToolsVersion = 6.3.2;
					};
					8FE2B0BF1B1852E2001FF9B1 = {
						CreatedOnToolsVersion = 6.3.2;
						TestTargetID = 8FE2B0A61B1852E2001FF9B1;
					};
				};
			};
			buildConfigurationList = 8FE2B0A21B1852E2001FF9B1 /* Build configuration list for PBXProject "touchcahrt" */;
			compatibilityVersion = "Xcode 3.2";
			developmentRegion = English;
			hasScannedForEncodings = 0;
			knownRegions = (
				en,
				Base,
			);
			mainGroup = 8FE2B09E1B1852E2001FF9B1;
			productRefGroup = 8FE2B0A81B1852E2001FF9B1 /* Products */;
			projectDirPath = "";
			projectRoot = "";
			targets = (
				8FE2B0A61B1852E2001FF9B1 /* touchcahrt */,
				8FE2B0BF1B1852E2001FF9B1 /* touchcahrtTests */,
			);
		};
/* End PBXProject section */

/* Begin PBXResourcesBuildPhase section */
		8FE2B0A51B1852E2001FF9B1 /* Resources */ = {
			isa = PBXResourcesBuildPhase;
			buildActionMask = 2147483647;
			files = (
				8FE2B0B61B1852E2001FF9B1 /* Main.storyboard in Resources */,
				8FE2B0BB1B1852E2001FF9B1 /* LaunchScreen.xib in Resources */,
				8FE2B0B81B1852E2001FF9B1 /* Images.xcassets in Resources */,
			);
			runOnlyForDeploymentPostprocessing = 0;
		};
		8FE2B0BE1B1852E2001FF9B1 /* Resources */ = {
			isa = PBXResourcesBuildPhase;
			buildActionMask = 2147483647;
			files = (
			);
			runOnlyForDeploymentPostprocessing = 0;
		};
/* End PBXResourcesBuildPhase section */

/* Begin PBXSourcesBuildPhase section */
		8FE2B0A31B1852E2001FF9B1 /* Sources */ = {
			isa = PBXSourcesBuildPhase;
			buildActionMask = 2147483647;
			files = (
				8FE2B0E31B1852F1001FF9B1 /* PieSlice.m in Sources */,
				8FE2B0E21B1852F1001FF9B1 /* PieChartView.m in Sources */,
				8FE2B0DF1B1852F1001FF9B1 /* BarChartThreeView.m in Sources */,
				8FE2B0B31B1852E2001FF9B1 /* ViewController.m in Sources */,
				8FE2B0B01B1852E2001FF9B1 /* AppDelegate.m in Sources */,
				8FE2B0E41B1852F1001FF9B1 /* UIImage+ColorAtPixel.m in Sources */,
				8FE2B0E01B1852F1001FF9B1 /* BarChartView.m in Sources */,
				8FE2B0E11B1852F1001FF9B1 /* LineChart.m in Sources */,
				8FE2B0AD1B1852E2001FF9B1 /* main.m in Sources */,
			);
			runOnlyForDeploymentPostprocessing = 0;
		};
		8FE2B0BC1B1852E2001FF9B1 /* Sources */ = {
			isa = PBXSourcesBuildPhase;
			buildActionMask = 2147483647;
			files = (
				8FE2B0C71B1852E3001FF9B1 /* touchcahrtTests.m in Sources */,
			);
			runOnlyForDeploymentPostprocessing = 0;
		};
/* End PBXSourcesBuildPhase section */

/* Begin PBXTargetDependency section */
		8FE2B0C21B1852E2001FF9B1 /* PBXTargetDependency */ = {
			isa = PBXTargetDependency;
			target = 8FE2B0A61B1852E2001FF9B1 /* touchcahrt */;
			targetProxy = 8FE2B0C11B1852E2001FF9B1 /* PBXContainerItemProxy */;
		};
/* End PBXTargetDependency section */

/* Begin PBXVariantGroup section */
		8FE2B0B41B1852E2001FF9B1 /* Main.storyboard */ = {
			isa = PBXVariantGroup;
			children = (
				8FE2B0B51B1852E2001FF9B1 /* Base */,
			);
			name = Main.storyboard;
			sourceTree = "<group>";
		};
		8FE2B0B91B1852E2001FF9B1 /* LaunchScreen.xib */ = {
			isa = PBXVariantGroup;
			children = (
				8FE2B0BA1B1852E2001FF9B1 /* Base */,
			);
			name = LaunchScreen.xib;
			sourceTree = "<group>";
		};
/* End PBXVariantGroup section */

/* Begin XCBuildConfiguration section */
		8FE2B0C81B1852E3001FF9B1 /* Debug */ = {
			isa = XCBuildConfiguration;
			buildSettings = {
				ALWAYS_SEARCH_USER_PATHS = NO;
				CLANG_CXX_LANGUAGE_STANDARD = "gnu++0x";
				CLANG_CXX_LIBRARY = "libc++";
				CLANG_ENABLE_MODULES = YES;
				CLANG_ENABLE_OBJC_ARC = YES;
				CLANG_WARN_BOOL_CONVERSION = YES;
				CLANG_WARN_CONSTANT_CONVERSION = YES;
				CLANG_WARN_DIRECT_OBJC_ISA_USAGE = YES_ERROR;
				CLANG_WARN_EMPTY_BODY = YES;
				CLANG_WARN_ENUM_CONVERSION = YES;
				CLANG_WARN_INT_CONVERSION = YES;
				CLANG_WARN_OBJC_ROOT_CLASS = YES_ERROR;
				CLANG_WARN_UNREACHABLE_CODE = YES;
				CLANG_WARN__DUPLICATE_METHOD_MATCH = YES;
				"CODE_SIGN_IDENTITY[sdk=iphoneos*]" = "iPhone Developer";
				COPY_PHASE_STRIP = NO;
				DEBUG_INFORMATION_FORMAT = "dwarf-with-dsym";
				ENABLE_STRICT_OBJC_MSGSEND = YES;
				GCC_C_LANGUAGE_STANDARD = gnu99;
				GCC_DYNAMIC_NO_PIC = NO;
				GCC_NO_COMMON_BLOCKS = YES;
				GCC_OPTIMIZATION_LEVEL = 0;
				GCC_PREPROCESSOR_DEFINITIONS = (
					"DEBUG=1",
					"$(inherited)",
				);
				GCC_SYMBOLS_PRIVATE_EXTERN = NO;
				GCC_WARN_64_TO_32_BIT_CONVERSION = YES;
				GCC_WARN_ABOUT_RETURN_TYPE = YES_ERROR;
				GCC_WARN_UNDECLARED_SELECTOR = YES;
				GCC_WARN_UNINITIALIZED_AUTOS = YES_AGGRESSIVE;
				GCC_WARN_UNUSED_FUNCTION = YES;
				GCC_WARN_UNUSED_VARIABLE = YES;
				IPHONEOS_DEPLOYMENT_TARGET = 7.0;
				MTL_ENABLE_DEBUG_INFO = YES;
				ONLY_ACTIVE_ARCH = YES;
				SDKROOT = iphoneos;
				TARGETED_DEVICE_FAMILY = "1,2";
			};
			name = Debug;
		};
		8FE2B0C91B1852E3001FF9B1 /* Release */ = {
			isa = XCBuildConfiguration;
			buildSettings = {
				ALWAYS_SEARCH_USER_PATHS = NO;
				CLANG_CXX_LANGUAGE_STANDARD = "gnu++0x";
				CLANG_CXX_LIBRARY = "libc++";
				CLANG_ENABLE_MODULES = YES;
				CLANG_ENABLE_OBJC_ARC = YES;
				CLANG_WARN_BOOL_CONVERSION = YES;
				CLANG_WARN_CONSTANT_CONVERSION = YES;
				CLANG_WARN_DIRECT_OBJC_ISA_USAGE = YES_ERROR;
				CLANG_WARN_EMPTY_BODY = YES;
				CLANG_WARN_ENUM_CONVERSION = YES;
				CLANG_WARN_INT_CONVERSION = YES;
				CLANG_WARN_OBJC_ROOT_CLASS = YES_ERROR;
				CLANG_WARN_UNREACHABLE_CODE = YES;
				CLANG_WARN__DUPLICATE_METHOD_MATCH = YES;
				"CODE_SIGN_IDENTITY[sdk=iphoneos*]" = "iPhone Developer";
				COPY_PHASE_STRIP = NO;
				DEBUG_INFORMATION_FORMAT = "dwarf-with-dsym";
				ENABLE_NS_ASSERTIONS = NO;
				ENABLE_STRICT_OBJC_MSGSEND = YES;
				GCC_C_LANGUAGE_STANDARD = gnu99;
				GCC_NO_COMMON_BLOCKS = YES;
				GCC_WARN_64_TO_32_BIT_CONVERSION = YES;
				GCC_WARN_ABOUT_RETURN_TYPE = YES_ERROR;
				GCC_WARN_UNDECLARED_SELECTOR = YES;
				GCC_WARN_UNINITIALIZED_AUTOS = YES_AGGRESSIVE;
				GCC_WARN_UNUSED_FUNCTION = YES;
				GCC_WARN_UNUSED_VARIABLE = YES;
				IPHONEOS_DEPLOYMENT_TARGET = 7.0;
				MTL_ENABLE_DEBUG_INFO = NO;
				SDKROOT = iphoneos;
				TARGETED_DEVICE_FAMILY = "1,2";
				VALIDATE_PRODUCT = YES;
			};
			name = Release;
		};
		8FE2B0CB1B1852E3001FF9B1 /* Debug */ = {
			isa = XCBuildConfiguration;
			buildSettings = {
				ASSETCATALOG_COMPILER_APPICON_NAME = AppIcon;
				INFOPLIST_FILE = touchcahrt/Info.plist;
				IPHONEOS_DEPLOYMENT_TARGET = 7.0;
				LD_RUNPATH_SEARCH_PATHS = "$(inherited) @executable_path/Frameworks";
				PRODUCT_NAME = "$(TARGET_NAME)";
			};
			name = Debug;
		};
		8FE2B0CC1B1852E3001FF9B1 /* Release */ = {
			isa = XCBuildConfiguration;
			buildSettings = {
				ASSETCATALOG_COMPILER_APPICON_NAME = AppIcon;
				INFOPLIST_FILE = touchcahrt/Info.plist;
				IPHONEOS_DEPLOYMENT_TARGET = 7.0;
				LD_RUNPATH_SEARCH_PATHS = "$(inherited) @executable_path/Frameworks";
				PRODUCT_NAME = "$(TARGET_NAME)";
			};
			name = Release;
		};
		8FE2B0CE1B1852E3001FF9B1 /* Debug */ = {
			isa = XCBuildConfiguration;
			buildSettings = {
				BUNDLE_LOADER = "$(TEST_HOST)";
				FRAMEWORK_SEARCH_PATHS = (
					"$(SDKROOT)/Developer/Library/Frameworks",
					"$(inherited)",
				);
				GCC_PREPROCESSOR_DEFINITIONS = (
					"DEBUG=1",
					"$(inherited)",
				);
				INFOPLIST_FILE = touchcahrtTests/Info.plist;
				LD_RUNPATH_SEARCH_PATHS = "$(inherited) @executable_path/Frameworks @loader_path/Frameworks";
				PRODUCT_NAME = "$(TARGET_NAME)";
				TEST_HOST = "$(BUILT_PRODUCTS_DIR)/touchcahrt.app/touchcahrt";
			};
			name = Debug;
		};
		8FE2B0CF1B1852E3001FF9B1 /* Release */ = {
			isa = XCBuildConfiguration;
			buildSettings = {
				BUNDLE_LOADER = "$(TEST_HOST)";
				FRAMEWORK_SEARCH_PATHS = (
					"$(SDKROOT)/Developer/Library/Frameworks",
					"$(inherited)",
				);
				INFOPLIST_FILE = touchcahrtTests/Info.plist;
				LD_RUNPATH_SEARCH_PATHS = "$(inherited) @executable_path/Frameworks @loader_path/Frameworks";
				PRODUCT_NAME = "$(TARGET_NAME)";
				TEST_HOST = "$(BUILT_PRODUCTS_DIR)/touchcahrt.app/touchcahrt";
			};
			name = Release;
		};
/* End XCBuildConfiguration section */

/* Begin XCConfigurationList section */
		8FE2B0A21B1852E2001FF9B1 /* Build configuration list for PBXProject "touchcahrt" */ = {
			isa = XCConfigurationList;
			buildConfigurations = (
				8FE2B0C81B1852E3001FF9B1 /* Debug */,
				8FE2B0C91B1852E3001FF9B1 /* Release */,
			);
			defaultConfigurationIsVisible = 0;
			defaultConfigurationName = Release;
		};
		8FE2B0CA1B1852E3001FF9B1 /* Build configuration list for PBXNativeTarget "touchcahrt" */ = {
			isa = XCConfigurationList;
			buildConfigurations = (
				8FE2B0CB1B1852E3001FF9B1 /* Debug */,
				8FE2B0CC1B1852E3001FF9B1 /* Release */,
			);
			defaultConfigurationIsVisible = 0;
			defaultConfigurationName = Release;
		};
		8FE2B0CD1B1852E3001FF9B1 /* Build configuration list for PBXNativeTarget "touchcahrtTests" */ = {
			isa = XCConfigurationList;
			buildConfigurations = (
				8FE2B0CE1B1852E3001FF9B1 /* Debug */,
				8FE2B0CF1B1852E3001FF9B1 /* Release */,
			);
			defaultConfigurationIsVisible = 0;
			defaultConfigurationName = Release;
		};
/* End XCConfigurationList section */
	};
	rootObject = 8FE2B09F1B1852E2001FF9B1 /* Project object */;
}
